
Microsoft Visual Studio Solution File, Format Version 12.00
# Visual Studio Version 16
VisualStudioVersion = 16.0.30503.244
MinimumVisualStudioVersion = 10.0.40219.1
Project("{9A19103F-16F7-4668-BE54-9A1E7A4F7556}") = "FractalaMod", "FractalaMod.csproj", "{DD1BB779-6D87-487A-A844-EC631964677C}"
EndProject
Global
	GlobalSection(SolutionConfigurationPlatforms) = preSolution
		Debug|Any CPU = Debug|Any CPU
		Release|Any CPU = Release|Any CPU
	EndGlobalSection
	GlobalSection(ProjectConfigurationPlatforms) = postSolution
		{DD1BB779-6D87-487A-A844-EC631964677C}.Debug|Any CPU.ActiveCfg = Debug|Any CPU
		{DD1BB779-6D87-487A-A844-EC631964677C}.Debug|Any CPU.Build.0 = Debug|Any CPU
		{DD1BB779-6D87-487A-A844-EC631964677C}.Release|Any CPU.ActiveCfg = Release|Any CPU
		{DD1BB779-6D87-487A-A844-EC631964677C}.Release|Any CPU.Build.0 = Release|Any CPU
	EndGlobalSection
	GlobalSection(SolutionProperties) = preSolution
		HideSolutionNode = FALSE
	EndGlobalSection
	GlobalSection(ExtensibilityGlobals) = postSolution
		SolutionGuid = {6EDBC4F3-8014-455F-A83F-C91593729C28}
	EndGlobalSection
EndGlobal
